
Microsoft Visual Studio Solution File, Format Version 12.00
# Visual Studio 15
VisualStudioVersion = 15.0.27703.2018
MinimumVisualStudioVersion = 10.0.40219.1
Project("{8BC9CEB8-8B4A-11D0-8D11-00A0C91BC942}") = "AutoVote", "AutoVote2.vcxproj", "{DD49F535-5084-4420-9BD3-EA78202ECFB2}"
EndProject
Global
	GlobalSection(SolutionConfigurationPlatforms) = preSolution
		Debug|Win32 = Debug|Win32
		Release|Win32 = Release|Win32
	EndGlobalSection
	GlobalSection(ProjectConfigurationPlatforms) = postSolution
		{DD49F535-5084-4420-9BD3-EA78202ECFB2}.Debug|Win32.ActiveCfg = Debug|Win32
		{DD49F535-5084-4420-9BD3-EA78202ECFB2}.Debug|Win32.Build.0 = Debug|Win32
		{DD49F535-5084-4420-9BD3-EA78202ECFB2}.Release|Win32.ActiveCfg = Release|Win32
		{DD49F535-5084-4420-9BD3-EA78202ECFB2}.Release|Win32.Build.0 = Release|Win32
	EndGlobalSection
	GlobalSection(SolutionProperties) = preSolution
		HideSolutionNode = FALSE
	EndGlobalSection
	GlobalSection(ExtensibilityGlobals) = postSolution
		SolutionGuid = {0568D836-1889-492F-AB5B-5F84D5B6C32B}
	EndGlobalSection
EndGlobal
